
Microsoft Visual Studio Solution File, Format Version 12.00
# Visual Studio Version 17
VisualStudioVersion = 17.14.36603.0 d17.14
MinimumVisualStudioVersion = 10.0.40219.1
Project("{FAE04EC0-301F-11D3-BF4B-00C04F79EFBC}") = "1.Projekt-Taschenrechner", "1.Projekt-Taschenrechner\1.Projekt-Taschenrechner.csproj", "{96F8D59B-B7C2-4BC4-9D11-A3A28559F22D}"
EndProject
Global
	GlobalSection(SolutionConfigurationPlatforms) = preSolution
		Debug|Any CPU = Debug|Any CPU
		Release|Any CPU = Release|Any CPU
	EndGlobalSection
	GlobalSection(ProjectConfigurationPlatforms) = postSolution
		{96F8D59B-B7C2-4BC4-9D11-A3A28559F22D}.Debug|Any CPU.ActiveCfg = Debug|Any CPU
		{96F8D59B-B7C2-4BC4-9D11-A3A28559F22D}.Debug|Any CPU.Build.0 = Debug|Any CPU
		{96F8D59B-B7C2-4BC4-9D11-A3A28559F22D}.Release|Any CPU.ActiveCfg = Release|Any CPU
		{96F8D59B-B7C2-4BC4-9D11-A3A28559F22D}.Release|Any CPU.Build.0 = Release|Any CPU
	EndGlobalSection
	GlobalSection(SolutionProperties) = preSolution
		HideSolutionNode = FALSE
	EndGlobalSection
	GlobalSection(ExtensibilityGlobals) = postSolution
		SolutionGuid = {64077B12-5467-4FB3-B517-6CA227364D90}
	EndGlobalSection
EndGlobal
